
Microsoft Visual Studio Solution File, Format Version 11.00
# Visual Studio 2010
Project("{FAE04EC0-301F-11D3-BF4B-00C04F79EFBC}") = "DataProviders.Android", "DataProviders\DataProviders.Android.csproj", "{4D87D441-FD8B-4259-93DA-793E263A8815}"
EndProject
Project("{FAE04EC0-301F-11D3-BF4B-00C04F79EFBC}") = "RdlCri.Android", "RdlCri\RdlCri.Android.csproj", "{75BD567B-EE1E-403C-8D52-B53B7B12B8C8}"
EndProject
Project("{FAE04EC0-301F-11D3-BF4B-00C04F79EFBC}") = "RdlEngine.Android", "RdlEngine\RdlEngine.Android.csproj", "{DF68CD9F-EB3F-46BE-9399-3CEC78C84183}"
EndProject
Global
	GlobalSection(SolutionConfigurationPlatforms) = preSolution
		Debug|Any CPU = Debug|Any CPU
		Release|Any CPU = Release|Any CPU
	EndGlobalSection
	GlobalSection(ProjectConfigurationPlatforms) = postSolution
		{4D87D441-FD8B-4259-93DA-793E263A8815}.Debug|Any CPU.ActiveCfg = Debug|Any CPU
		{4D87D441-FD8B-4259-93DA-793E263A8815}.Debug|Any CPU.Build.0 = Debug|Any CPU
		{4D87D441-FD8B-4259-93DA-793E263A8815}.Release|Any CPU.ActiveCfg = Release|Any CPU
		{4D87D441-FD8B-4259-93DA-793E263A8815}.Release|Any CPU.Build.0 = Release|Any CPU
		{75BD567B-EE1E-403C-8D52-B53B7B12B8C8}.Debug|Any CPU.ActiveCfg = Debug|Any CPU
		{75BD567B-EE1E-403C-8D52-B53B7B12B8C8}.Debug|Any CPU.Build.0 = Debug|Any CPU
		{75BD567B-EE1E-403C-8D52-B53B7B12B8C8}.Release|Any CPU.ActiveCfg = Release|Any CPU
		{75BD567B-EE1E-403C-8D52-B53B7B12B8C8}.Release|Any CPU.Build.0 = Release|Any CPU
		{DF68CD9F-EB3F-46BE-9399-3CEC78C84183}.Debug|Any CPU.ActiveCfg = Debug|Any CPU
		{DF68CD9F-EB3F-46BE-9399-3CEC78C84183}.Debug|Any CPU.Build.0 = Debug|Any CPU
		{DF68CD9F-EB3F-46BE-9399-3CEC78C84183}.Release|Any CPU.ActiveCfg = Release|Any CPU
		{DF68CD9F-EB3F-46BE-9399-3CEC78C84183}.Release|Any CPU.Build.0 = Release|Any CPU
	EndGlobalSection
	GlobalSection(MonoDevelopProperties) = preSolution
		StartupItem = DataProviders\DataProviders.Android.csproj
		version = 4.6.0
	EndGlobalSection
EndGlobal
